
Microsoft Visual Studio Solution File, Format Version 12.00
# Visual Studio Version 16
VisualStudioVersion = 16.0.29025.244
MinimumVisualStudioVersion = 10.0.40219.1
Project("{FAE04EC0-301F-11D3-BF4B-00C04F79EFBC}") = "WebApplication", "WebApplication\WebApplication.csproj", "{EA532422-C63A-43F5-A2E3-FE3A23072280}"
EndProject
Project("{FAE04EC0-301F-11D3-BF4B-00C04F79EFBC}") = "WebApplication.Tests", "WebApplication.Tests\WebApplication.Tests.csproj", "{3AF496DA-238C-4653-B5C9-E51659A7412D}"
EndProject
Global
	GlobalSection(SolutionConfigurationPlatforms) = preSolution
		Debug|Any CPU = Debug|Any CPU
		Release|Any CPU = Release|Any CPU
	EndGlobalSection
	GlobalSection(ProjectConfigurationPlatforms) = postSolution
		{EA532422-C63A-43F5-A2E3-FE3A23072280}.Debug|Any CPU.ActiveCfg = Debug|Any CPU
		{EA532422-C63A-43F5-A2E3-FE3A23072280}.Debug|Any CPU.Build.0 = Debug|Any CPU
		{EA532422-C63A-43F5-A2E3-FE3A23072280}.Release|Any CPU.ActiveCfg = Release|Any CPU
		{EA532422-C63A-43F5-A2E3-FE3A23072280}.Release|Any CPU.Build.0 = Release|Any CPU
		{3AF496DA-238C-4653-B5C9-E51659A7412D}.Debug|Any CPU.ActiveCfg = Debug|Any CPU
		{3AF496DA-238C-4653-B5C9-E51659A7412D}.Debug|Any CPU.Build.0 = Debug|Any CPU
		{3AF496DA-238C-4653-B5C9-E51659A7412D}.Release|Any CPU.ActiveCfg = Release|Any CPU
		{3AF496DA-238C-4653-B5C9-E51659A7412D}.Release|Any CPU.Build.0 = Release|Any CPU
	EndGlobalSection
	GlobalSection(SolutionProperties) = preSolution
		HideSolutionNode = FALSE
	EndGlobalSection
	GlobalSection(ExtensibilityGlobals) = postSolution
		SolutionGuid = {7D1FCBA3-1E47-472B-A846-52C63FD704C0}
	EndGlobalSection
EndGlobal
